
Microsoft Visual Studio Solution File, Format Version 12.00
# Visual Studio Version 17
VisualStudioVersion = 17.0.32112.339
MinimumVisualStudioVersion = 10.0.40219.1
Project("{FAE04EC0-301F-11D3-BF4B-00C04F79EFBC}") = "Tp-aula-04", "Tp-aula-04\Tp-aula-04.csproj", "{0661D275-7A87-43E0-9B85-81D405515349}"
EndProject
Global
	GlobalSection(SolutionConfigurationPlatforms) = preSolution
		Debug|Any CPU = Debug|Any CPU
		Release|Any CPU = Release|Any CPU
	EndGlobalSection
	GlobalSection(ProjectConfigurationPlatforms) = postSolution
		{0661D275-7A87-43E0-9B85-81D405515349}.Debug|Any CPU.ActiveCfg = Debug|Any CPU
		{0661D275-7A87-43E0-9B85-81D405515349}.Debug|Any CPU.Build.0 = Debug|Any CPU
		{0661D275-7A87-43E0-9B85-81D405515349}.Release|Any CPU.ActiveCfg = Release|Any CPU
		{0661D275-7A87-43E0-9B85-81D405515349}.Release|Any CPU.Build.0 = Release|Any CPU
	EndGlobalSection
	GlobalSection(SolutionProperties) = preSolution
		HideSolutionNode = FALSE
	EndGlobalSection
	GlobalSection(ExtensibilityGlobals) = postSolution
		SolutionGuid = {A44ECDD5-1E2F-4023-A3FD-C271A8E22D9C}
	EndGlobalSection
EndGlobal
